<?xml version="1.0" encoding="utf-8"?>
<Project ToolsVersion="4.0" xmlns="http://schemas.microsoft.com/developer/msbuild/2003">
  <ItemGroup>
    <Filter Include="Resource Files">
      <UniqueIdentifier>{D9D6E242-F8AF-46E4-B9FD-80ECBC20BA3E}</UniqueIdentifier>
      <Extensions>qrc;*</Extensions>
      <ParseFiles>false</ParseFiles>
    </Filter>
    <Filter Include="Generated Files">
      <UniqueIdentifier>{71ED8ED8-ACB9-4CE9-BBE1-E00B30144E11}</UniqueIdentifier>
      <Extensions>moc;h;cpp</Extensions>
      <SourceControlFiles>False</SourceControlFiles>
    </Filter>
    <Filter Include="src">
      <UniqueIdentifier>{0668c54c-3fb8-46d9-88e4-d8ef6fc6a693}</UniqueIdentifier>
    </Filter>
    <Filter Include="src\MainWindow">
      <UniqueIdentifier>{b56e63c6-aefc-4104-8f4e-7fe4356503e8}</UniqueIdentifier>
    </Filter>
    <Filter Include="src\Canvas">
      <UniqueIdentifier>{17d40e6e-d476-49cd-adcd-8db40a64d858}</UniqueIdentifier>
    </Filter>
    <Filter Include="src\PaperLogic">
      <UniqueIdentifier>{213b6edb-bcc9-4bee-a349-e449b972c490}</UniqueIdentifier>
    </Filter>
    <Filter Include="Header Files">
      <UniqueIdentifier>{93995380-89BD-4b04-88EB-625FBE52EBFB}</UniqueIdentifier>
      <Extensions>h;hh;hpp;hxx;hm;inl;inc;xsd</Extensions>
      <ParseFiles>true</ParseFiles>
    </Filter>
    <Filter Include="Source Files">
      <UniqueIdentifier>{4FC737F1-C7A5-4376-A066-2A32D752A2FF}</UniqueIdentifier>
      <Extensions>cpp;c;cc;cxx;def;odl;idl;hpj;bat;asm;asmx</Extensions>
      <ParseFiles>true</ParseFiles>
    </Filter>
    <Filter Include="src\TickerTimer">
      <UniqueIdentifier>{030a22ea-5fd2-4afc-85f1-c8197d105c41}</UniqueIdentifier>
    </Filter>
    <Filter Include="src\Network">
      <UniqueIdentifier>{f587582e-bd39-4a4b-8605-e5ce5df98f1d}</UniqueIdentifier>
    </Filter>
    <Filter Include="src\Dialog">
      <UniqueIdentifier>{711b1791-1be3-4b39-b2bd-6ff17d49e6eb}</UniqueIdentifier>
    </Filter>
  </ItemGroup>
  <ItemGroup>
    <ClCompile Include="SurfaceDrawing.cpp">
      <Filter>src\MainWindow</Filter>
    </ClCompile>
    <ClCompile Include="main.cpp" />
    <ClCompile Include="cPaperLogic.cpp">
      <Filter>src\PaperLogic</Filter>
    </ClCompile>
    <ClCompile Include="cUser.cpp">
      <Filter>src\PaperLogic</Filter>
    </ClCompile>
    <ClCompile Include="cCanvas.cpp">
      <Filter>src\Canvas</Filter>
    </ClCompile>
    <ClCompile Include="cItemUser.cpp">
      <Filter>src\Canvas</Filter>
    </ClCompile>
    <ClCompile Include="cBasicTile.cpp">
      <Filter>src\Canvas</Filter>
    </ClCompile>
    <ClCompile Include="cItemGrid.cpp">
      <Filter>src\Canvas</Filter>
    </ClCompile>
    <ClCompile Include="cBordersItem.cpp">
      <Filter>src\Canvas</Filter>
    </ClCompile>
    <ClCompile Include="cClient.cpp">
      <Filter>src\Network</Filter>
    </ClCompile>
    <ClCompile Include="cServer.cpp">
      <Filter>src\Network</Filter>
    </ClCompile>
    <ClCompile Include="cConnectionDialog.cpp">
      <Filter>src\Dialog</Filter>
    </ClCompile>
    <ClCompile Include="cComp.cpp">
      <Filter>src\PaperLogic</Filter>
    </ClCompile>
    <ClCompile Include="cItemPlayfield.cpp">
      <Filter>src\Canvas</Filter>
    </ClCompile>
    <ClCompile Include="cUIItemComp.cpp">
      <Filter>src\Canvas</Filter>
    </ClCompile>
    <ClCompile Include="cUIItemPlayerStat.cpp">
      <Filter>src\Canvas</Filter>
    </ClCompile>
    <ClCompile Include="cUICompBar.cpp">
      <Filter>src\Canvas</Filter>
    </ClCompile>
  </ItemGroup>
  <ItemGroup>
    <QtRcc Include="SurfaceDrawing.qrc">
      <Filter>src\MainWindow</Filter>
    </QtRcc>
  </ItemGroup>
  <ItemGroup>
    <QtMoc Include="SurfaceDrawing.h">
      <Filter>src\MainWindow</Filter>
    </QtMoc>
    <QtMoc Include="cCanvas.h">
      <Filter>src\Canvas</Filter>
    </QtMoc>
    <QtMoc Include="cClient.h">
      <Filter>src\Network</Filter>
    </QtMoc>
    <QtMoc Include="cServer.h">
      <Filter>src\Network</Filter>
    </QtMoc>
  </ItemGroup>
  <ItemGroup>
    <QtUic Include="SurfaceDrawing.ui">
      <Filter>src\MainWindow</Filter>
    </QtUic>
    <QtUic Include="ConnectionDialog.ui">
      <Filter>src\Dialog</Filter>
    </QtUic>
  </ItemGroup>
  <ItemGroup>
    <ClInclude Include="cPaperLogic.h">
      <Filter>src\PaperLogic</Filter>
    </ClInclude>
    <ClInclude Include="cUser.h">
      <Filter>src\PaperLogic</Filter>
    </ClInclude>
    <ClInclude Include="TickerTimer.h">
      <Filter>src\TickerTimer</Filter>
    </ClInclude>
    <ClInclude Include="cItemUser.h">
      <Filter>src\Canvas</Filter>
    </ClInclude>
    <ClInclude Include="cBasicTile.h">
      <Filter>src\Canvas</Filter>
    </ClInclude>
    <ClInclude Include="cItemGrid.h">
      <Filter>src\Canvas</Filter>
    </ClInclude>
    <ClInclude Include="cBordersItem.h">
      <Filter>src\Canvas</Filter>
    </ClInclude>
    <ClInclude Include="cConnectionDialog.h">
      <Filter>src\Dialog</Filter>
    </ClInclude>
    <ClInclude Include="cHash.h">
      <Filter>src\PaperLogic</Filter>
    </ClInclude>
    <ClInclude Include="CircularBuffer.h">
      <Filter>src</Filter>
    </ClInclude>
    <ClInclude Include="cComp.h">
      <Filter>src\PaperLogic</Filter>
    </ClInclude>
    <ClInclude Include="cItemPlayfield.h">
      <Filter>src\Canvas</Filter>
    </ClInclude>
    <ClInclude Include="cUIItemComp.h">
      <Filter>src\Canvas</Filter>
    </ClInclude>
    <ClInclude Include="Defines.h">
      <Filter>src\PaperLogic</Filter>
    </ClInclude>
    <ClInclude Include="cUIItemPlayerStat.h">
      <Filter>src\Canvas</Filter>
    </ClInclude>
    <ClInclude Include="cUICompBar.h">
      <Filter>src\Canvas</Filter>
    </ClInclude>
  </ItemGroup>
</Project>